
Microsoft Visual Studio Solution File, Format Version 12.00
# Visual Studio Version 16
VisualStudioVersion = 16.0.29306.81
MinimumVisualStudioVersion = 10.0.40219.1
Project("{888888A0-9F3D-457C-B088-3A5042F75D52}") = "StarsDistance", "StarsDistance.pyproj", "{B7D24F2F-A3BE-443D-9C20-5470DA57266E}"
EndProject
Global
	GlobalSection(SolutionConfigurationPlatforms) = preSolution
		Debug|Any CPU = Debug|Any CPU
		Release|Any CPU = Release|Any CPU
	EndGlobalSection
	GlobalSection(ProjectConfigurationPlatforms) = postSolution
		{B7D24F2F-A3BE-443D-9C20-5470DA57266E}.Debug|Any CPU.ActiveCfg = Debug|Any CPU
		{B7D24F2F-A3BE-443D-9C20-5470DA57266E}.Release|Any CPU.ActiveCfg = Release|Any CPU
	EndGlobalSection
	GlobalSection(SolutionProperties) = preSolution
		HideSolutionNode = FALSE
	EndGlobalSection
	GlobalSection(ExtensibilityGlobals) = postSolution
		SolutionGuid = {435299C6-A59A-4221-BF42-4FCB1655EF72}
	EndGlobalSection
EndGlobal
